// !$*UTF8*$!
{
	archiveVersion = 1;
	classes = {
	};
	objectVersion = 51;
	objects = {

/* Begin PBXBuildFile section */
		7B6844D3AD3BEB68F6C2D4E3 /* Pods_TwitterCloneTests.framework in Frameworks */ = {isa = PBXBuildFile; fileRef = 3DF8174CC9AF6D26A91E32AF /* Pods_TwitterCloneTests.framework */; };
		861ABF952595B9F50072AD82 /* ProfileFilterView.swift in Sources */ = {isa = PBXBuildFile; fileRef = 861ABF942595B9F50072AD82 /* ProfileFilterView.swift */; };
		861ABF9A2595C2F30072AD82 /* ProfileFilterCell.swift in Sources */ = {isa = PBXBuildFile; fileRef = 861ABF992595C2F30072AD82 /* ProfileFilterCell.swift */; };
		861ABF9F2596AB560072AD82 /* ProfileHeaderViewModel.swift in Sources */ = {isa = PBXBuildFile; fileRef = 861ABF9E2596AB560072AD82 /* ProfileHeaderViewModel.swift */; };
		865855A125905AE6008DA6F0 /* AuthService.swift in Sources */ = {isa = PBXBuildFile; fileRef = 865855A025905AE6008DA6F0 /* AuthService.swift */; };
		86BC751C259169F600A1B820 /* Constants.swift in Sources */ = {isa = PBXBuildFile; fileRef = 86BC751B259169F600A1B820 /* Constants.swift */; };
		86BC75212591805400A1B820 /* GoogleService-Info.plist in Resources */ = {isa = PBXBuildFile; fileRef = 86BC75202591805400A1B820 /* GoogleService-Info.plist */; };
		86BC752925919A1100A1B820 /* UserService.swift in Sources */ = {isa = PBXBuildFile; fileRef = 86BC752825919A1100A1B820 /* UserService.swift */; };
		86BC752E2591A1EE00A1B820 /* User.swift in Sources */ = {isa = PBXBuildFile; fileRef = 86BC752D2591A1EE00A1B820 /* User.swift */; };
		86BC757E25929E9200A1B820 /* UploadTweetController.swift in Sources */ = {isa = PBXBuildFile; fileRef = 86BC757D25929E9200A1B820 /* UploadTweetController.swift */; };
		86BC758625931C5900A1B820 /* CaptionTextView.swift in Sources */ = {isa = PBXBuildFile; fileRef = 86BC758525931C5900A1B820 /* CaptionTextView.swift */; };
		86BC758B25932B0900A1B820 /* TweetService.swift in Sources */ = {isa = PBXBuildFile; fileRef = 86BC758A25932B0900A1B820 /* TweetService.swift */; };
		86BC75902593E23100A1B820 /* Tweet.swift in Sources */ = {isa = PBXBuildFile; fileRef = 86BC758F2593E23100A1B820 /* Tweet.swift */; };
		86BC75952593EBBB00A1B820 /* TweetCell.swift in Sources */ = {isa = PBXBuildFile; fileRef = 86BC75942593EBBB00A1B820 /* TweetCell.swift */; };
		86BC759A25945C8E00A1B820 /* TweetViewModel.swift in Sources */ = {isa = PBXBuildFile; fileRef = 86BC759925945C8E00A1B820 /* TweetViewModel.swift */; };
		86BC759F25946B3700A1B820 /* ProfileController.swift in Sources */ = {isa = PBXBuildFile; fileRef = 86BC759E25946B3700A1B820 /* ProfileController.swift */; };
		86BC75A4259477F700A1B820 /* ProfileHeader.swift in Sources */ = {isa = PBXBuildFile; fileRef = 86BC75A3259477F700A1B820 /* ProfileHeader.swift */; };
		86CFD01E258C9F5A007BA62D /* AppDelegate.swift in Sources */ = {isa = PBXBuildFile; fileRef = 86CFD01D258C9F5A007BA62D /* AppDelegate.swift */; };
		86CFD020258C9F5A007BA62D /* SceneDelegate.swift in Sources */ = {isa = PBXBuildFile; fileRef = 86CFD01F258C9F5A007BA62D /* SceneDelegate.swift */; };
		86CFD025258C9F5A007BA62D /* Main.storyboard in Resources */ = {isa = PBXBuildFile; fileRef = 86CFD023258C9F5A007BA62D /* Main.storyboard */; };
		86CFD027258C9F5D007BA62D /* Assets.xcassets in Resources */ = {isa = PBXBuildFile; fileRef = 86CFD026258C9F5D007BA62D /* Assets.xcassets */; };
		86CFD02A258C9F5D007BA62D /* LaunchScreen.storyboard in Resources */ = {isa = PBXBuildFile; fileRef = 86CFD028258C9F5D007BA62D /* LaunchScreen.storyboard */; };
		86CFD035258C9F5E007BA62D /* TwitterCloneTests.swift in Sources */ = {isa = PBXBuildFile; fileRef = 86CFD034258C9F5E007BA62D /* TwitterCloneTests.swift */; };
		86CFD040258C9F5E007BA62D /* TwitterCloneUITests.swift in Sources */ = {isa = PBXBuildFile; fileRef = 86CFD03F258C9F5E007BA62D /* TwitterCloneUITests.swift */; };
		86CFD05F258D46A7007BA62D /* MainTabController.swift in Sources */ = {isa = PBXBuildFile; fileRef = 86CFD05E258D46A7007BA62D /* MainTabController.swift */; };
		86CFD064258DE510007BA62D /* FeedController.swift in Sources */ = {isa = PBXBuildFile; fileRef = 86CFD063258DE510007BA62D /* FeedController.swift */; };
		86CFD069258DE54F007BA62D /* ExploreController.swift in Sources */ = {isa = PBXBuildFile; fileRef = 86CFD068258DE54F007BA62D /* ExploreController.swift */; };
		86CFD06E258DE562007BA62D /* NotificationsController.swift in Sources */ = {isa = PBXBuildFile; fileRef = 86CFD06D258DE562007BA62D /* NotificationsController.swift */; };
		86CFD073258DE59A007BA62D /* ConversationsController.swift in Sources */ = {isa = PBXBuildFile; fileRef = 86CFD072258DE59A007BA62D /* ConversationsController.swift */; };
		86CFD078258DEE9D007BA62D /* Extensions.swift in Sources */ = {isa = PBXBuildFile; fileRef = 86CFD077258DEE9D007BA62D /* Extensions.swift */; };
		86CFD07E258E9191007BA62D /* LoginController.swift in Sources */ = {isa = PBXBuildFile; fileRef = 86CFD07D258E9191007BA62D /* LoginController.swift */; };
		86CFD089258E9216007BA62D /* RegistrationViewController.swift in Sources */ = {isa = PBXBuildFile; fileRef = 86CFD088258E9216007BA62D /* RegistrationViewController.swift */; };
		86CFD08E258FF0B9007BA62D /* Utilities.swift in Sources */ = {isa = PBXBuildFile; fileRef = 86CFD08D258FF0B9007BA62D /* Utilities.swift */; };
		D3AC3AC4F693BFE205EDB958 /* Pods_TwitterClone_TwitterCloneUITests.framework in Frameworks */ = {isa = PBXBuildFile; fileRef = 1833572BB9EE6A883966007C /* Pods_TwitterClone_TwitterCloneUITests.framework */; };
		EE833A89100D10D1F88C66BF /* Pods_TwitterClone.framework in Frameworks */ = {isa = PBXBuildFile; fileRef = 6C43BBEFB427397A7A8004EC /* Pods_TwitterClone.framework */; };
/* End PBXBuildFile section */

/* Begin PBXContainerItemProxy section */
		86CFD031258C9F5E007BA62D /* PBXContainerItemProxy */ = {
			isa = PBXContainerItemProxy;
			containerPortal = 86CFD012258C9F5A007BA62D /* Project object */;
			proxyType = 1;
			remoteGlobalIDString = 86CFD019258C9F5A007BA62D;
			remoteInfo = TwitterClone;
		};
		86CFD03C258C9F5E007BA62D /* PBXContainerItemProxy */ = {
			isa = PBXContainerItemProxy;
			containerPortal = 86CFD012258C9F5A007BA62D /* Project object */;
			proxyType = 1;
			remoteGlobalIDString = 86CFD019258C9F5A007BA62D;
			remoteInfo = TwitterClone;
		};
/* End PBXContainerItemProxy section */

/* Begin PBXFileReference section */
		016B54DCFF864201A2995D18 /* Pods-TwitterCloneTests.release.xcconfig */ = {isa = PBXFileReference; includeInIndex = 1; lastKnownFileType = text.xcconfig; name = "Pods-TwitterCloneTests.release.xcconfig"; path = "Target Support Files/Pods-TwitterCloneTests/Pods-TwitterCloneTests.release.xcconfig"; sourceTree = "<group>"; };
		073FD789CE60F4481168EF48 /* Pods-TwitterClone.release.xcconfig */ = {isa = PBXFileReference; includeInIndex = 1; lastKnownFileType = text.xcconfig; name = "Pods-TwitterClone.release.xcconfig"; path = "Target Support Files/Pods-TwitterClone/Pods-TwitterClone.release.xcconfig"; sourceTree = "<group>"; };
		1833572BB9EE6A883966007C /* Pods_TwitterClone_TwitterCloneUITests.framework */ = {isa = PBXFileReference; explicitFileType = wrapper.framework; includeInIndex = 0; path = Pods_TwitterClone_TwitterCloneUITests.framework; sourceTree = BUILT_PRODUCTS_DIR; };
		307183966BAC2B4CC919465E /* Pods-TwitterClone-TwitterCloneUITests.debug.xcconfig */ = {isa = PBXFileReference; includeInIndex = 1; lastKnownFileType = text.xcconfig; name = "Pods-TwitterClone-TwitterCloneUITests.debug.xcconfig"; path = "Target Support Files/Pods-TwitterClone-TwitterCloneUITests/Pods-TwitterClone-TwitterCloneUITests.debug.xcconfig"; sourceTree = "<group>"; };
		39DA1B1D8D03FFBD0DAAD4BC /* Pods-TwitterCloneTests.debug.xcconfig */ = {isa = PBXFileReference; includeInIndex = 1; lastKnownFileType = text.xcconfig; name = "Pods-TwitterCloneTests.debug.xcconfig"; path = "Target Support Files/Pods-TwitterCloneTests/Pods-TwitterCloneTests.debug.xcconfig"; sourceTree = "<group>"; };
		3DF8174CC9AF6D26A91E32AF /* Pods_TwitterCloneTests.framework */ = {isa = PBXFileReference; explicitFileType = wrapper.framework; includeInIndex = 0; path = Pods_TwitterCloneTests.framework; sourceTree = BUILT_PRODUCTS_DIR; };
		56322552FC58AE6BB79A79D4 /* Pods-TwitterClone.debug.xcconfig */ = {isa = PBXFileReference; includeInIndex = 1; lastKnownFileType = text.xcconfig; name = "Pods-TwitterClone.debug.xcconfig"; path = "Target Support Files/Pods-TwitterClone/Pods-TwitterClone.debug.xcconfig"; sourceTree = "<group>"; };
		6C43BBEFB427397A7A8004EC /* Pods_TwitterClone.framework */ = {isa = PBXFileReference; explicitFileType = wrapper.framework; includeInIndex = 0; path = Pods_TwitterClone.framework; sourceTree = BUILT_PRODUCTS_DIR; };
		861ABF942595B9F50072AD82 /* ProfileFilterView.swift */ = {isa = PBXFileReference; lastKnownFileType = sourcecode.swift; path = ProfileFilterView.swift; sourceTree = "<group>"; };
		861ABF992595C2F30072AD82 /* ProfileFilterCell.swift */ = {isa = PBXFileReference; lastKnownFileType = sourcecode.swift; path = ProfileFilterCell.swift; sourceTree = "<group>"; };
		861ABF9E2596AB560072AD82 /* ProfileHeaderViewModel.swift */ = {isa = PBXFileReference; lastKnownFileType = sourcecode.swift; path = ProfileHeaderViewModel.swift; sourceTree = "<group>"; };
		865855A025905AE6008DA6F0 /* AuthService.swift */ = {isa = PBXFileReference; lastKnownFileType = sourcecode.swift; path = AuthService.swift; sourceTree = "<group>"; };
		86BC751B259169F600A1B820 /* Constants.swift */ = {isa = PBXFileReference; lastKnownFileType = sourcecode.swift; path = Constants.swift; sourceTree = "<group>"; };
		86BC75202591805400A1B820 /* GoogleService-Info.plist */ = {isa = PBXFileReference; fileEncoding = 4; lastKnownFileType = text.plist.xml; path = "GoogleService-Info.plist"; sourceTree = "<group>"; };
		86BC752825919A1100A1B820 /* UserService.swift */ = {isa = PBXFileReference; lastKnownFileType = sourcecode.swift; path = UserService.swift; sourceTree = "<group>"; };
		86BC752D2591A1EE00A1B820 /* User.swift */ = {isa = PBXFileReference; lastKnownFileType = sourcecode.swift; path = User.swift; sourceTree = "<group>"; };
		86BC757D25929E9200A1B820 /* UploadTweetController.swift */ = {isa = PBXFileReference; lastKnownFileType = sourcecode.swift; path = UploadTweetController.swift; sourceTree = "<group>"; };
		86BC758525931C5900A1B820 /* CaptionTextView.swift */ = {isa = PBXFileReference; lastKnownFileType = sourcecode.swift; path = CaptionTextView.swift; sourceTree = "<group>"; };
		86BC758A25932B0900A1B820 /* TweetService.swift */ = {isa = PBXFileReference; lastKnownFileType = sourcecode.swift; path = TweetService.swift; sourceTree = "<group>"; };
		86BC758F2593E23100A1B820 /* Tweet.swift */ = {isa = PBXFileReference; lastKnownFileType = sourcecode.swift; path = Tweet.swift; sourceTree = "<group>"; };
		86BC75942593EBBB00A1B820 /* TweetCell.swift */ = {isa = PBXFileReference; lastKnownFileType = sourcecode.swift; path = TweetCell.swift; sourceTree = "<group>"; };
		86BC759925945C8E00A1B820 /* TweetViewModel.swift */ = {isa = PBXFileReference; lastKnownFileType = sourcecode.swift; path = TweetViewModel.swift; sourceTree = "<group>"; };
		86BC759E25946B3700A1B820 /* ProfileController.swift */ = {isa = PBXFileReference; lastKnownFileType = sourcecode.swift; path = ProfileController.swift; sourceTree = "<group>"; };
		86BC75A3259477F700A1B820 /* ProfileHeader.swift */ = {isa = PBXFileReference; lastKnownFileType = sourcecode.swift; path = ProfileHeader.swift; sourceTree = "<group>"; };
		86CFD01A258C9F5A007BA62D /* TwitterClone.app */ = {isa = PBXFileReference; explicitFileType = wrapper.application; includeInIndex = 0; path = TwitterClone.app; sourceTree = BUILT_PRODUCTS_DIR; };
		86CFD01D258C9F5A007BA62D /* AppDelegate.swift */ = {isa = PBXFileReference; lastKnownFileType = sourcecode.swift; path = AppDelegate.swift; sourceTree = "<group>"; };
		86CFD01F258C9F5A007BA62D /* SceneDelegate.swift */ = {isa = PBXFileReference; lastKnownFileType = sourcecode.swift; path = SceneDelegate.swift; sourceTree = "<group>"; };
		86CFD024258C9F5A007BA62D /* Base */ = {isa = PBXFileReference; lastKnownFileType = file.storyboard; name = Base; path = Base.lproj/Main.storyboard; sourceTree = "<group>"; };
		86CFD026258C9F5D007BA62D /* Assets.xcassets */ = {isa = PBXFileReference; lastKnownFileType = folder.assetcatalog; path = Assets.xcassets; sourceTree = "<group>"; };
		86CFD029258C9F5D007BA62D /* Base */ = {isa = PBXFileReference; lastKnownFileType = file.storyboard; name = Base; path = Base.lproj/LaunchScreen.storyboard; sourceTree = "<group>"; };
		86CFD02B258C9F5D007BA62D /* Info.plist */ = {isa = PBXFileReference; lastKnownFileType = text.plist.xml; path = Info.plist; sourceTree = "<group>"; };
		86CFD030258C9F5E007BA62D /* TwitterCloneTests.xctest */ = {isa = PBXFileReference; explicitFileType = wrapper.cfbundle; includeInIndex = 0; path = TwitterCloneTests.xctest; sourceTree = BUILT_PRODUCTS_DIR; };
		86CFD034258C9F5E007BA62D /* TwitterCloneTests.swift */ = {isa = PBXFileReference; lastKnownFileType = sourcecode.swift; path = TwitterCloneTests.swift; sourceTree = "<group>"; };
		86CFD036258C9F5E007BA62D /* Info.plist */ = {isa = PBXFileReference; lastKnownFileType = text.plist.xml; path = Info.plist; sourceTree = "<group>"; };
		86CFD03B258C9F5E007BA62D /* TwitterCloneUITests.xctest */ = {isa = PBXFileReference; explicitFileType = wrapper.cfbundle; includeInIndex = 0; path = TwitterCloneUITests.xctest; sourceTree = BUILT_PRODUCTS_DIR; };
		86CFD03F258C9F5E007BA62D /* TwitterCloneUITests.swift */ = {isa = PBXFileReference; lastKnownFileType = sourcecode.swift; path = TwitterCloneUITests.swift; sourceTree = "<group>"; };
		86CFD041258C9F5E007BA62D /* Info.plist */ = {isa = PBXFileReference; lastKnownFileType = text.plist.xml; path = Info.plist; sourceTree = "<group>"; };
		86CFD05E258D46A7007BA62D /* MainTabController.swift */ = {isa = PBXFileReference; lastKnownFileType = sourcecode.swift; path = MainTabController.swift; sourceTree = "<group>"; };
		86CFD063258DE510007BA62D /* FeedController.swift */ = {isa = PBXFileReference; lastKnownFileType = sourcecode.swift; path = FeedController.swift; sourceTree = "<group>"; };
		86CFD068258DE54F007BA62D /* ExploreController.swift */ = {isa = PBXFileReference; lastKnownFileType = sourcecode.swift; path = ExploreController.swift; sourceTree = "<group>"; };
		86CFD06D258DE562007BA62D /* NotificationsController.swift */ = {isa = PBXFileReference; lastKnownFileType = sourcecode.swift; path = NotificationsController.swift; sourceTree = "<group>"; };
		86CFD072258DE59A007BA62D /* ConversationsController.swift */ = {isa = PBXFileReference; lastKnownFileType = sourcecode.swift; path = ConversationsController.swift; sourceTree = "<group>"; };
		86CFD077258DEE9D007BA62D /* Extensions.swift */ = {isa = PBXFileReference; lastKnownFileType = sourcecode.swift; path = Extensions.swift; sourceTree = "<group>"; };
		86CFD07D258E9191007BA62D /* LoginController.swift */ = {isa = PBXFileReference; lastKnownFileType = sourcecode.swift; path = LoginController.swift; sourceTree = "<group>"; };
		86CFD088258E9216007BA62D /* RegistrationViewController.swift */ = {isa = PBXFileReference; lastKnownFileType = sourcecode.swift; path = RegistrationViewController.swift; sourceTree = "<group>"; };
		86CFD08D258FF0B9007BA62D /* Utilities.swift */ = {isa = PBXFileReference; lastKnownFileType = sourcecode.swift; path = Utilities.swift; sourceTree = "<group>"; };
		C88CC0DD4591E57A38459E5C /* Pods-TwitterClone-TwitterCloneUITests.release.xcconfig */ = {isa = PBXFileReference; includeInIndex = 1; lastKnownFileType = text.xcconfig; name = "Pods-TwitterClone-TwitterCloneUITests.release.xcconfig"; path = "Target Support Files/Pods-TwitterClone-TwitterCloneUITests/Pods-TwitterClone-TwitterCloneUITests.release.xcconfig"; sourceTree = "<group>"; };
/* End PBXFileReference section */

/* Begin PBXFrameworksBuildPhase section */
		86CFD017258C9F5A007BA62D /* Frameworks */ = {
			isa = PBXFrameworksBuildPhase;
			buildActionMask = 2147483647;
			files = (
				EE833A89100D10D1F88C66BF /* Pods_TwitterClone.framework in Frameworks */,
			);
			runOnlyForDeploymentPostprocessing = 0;
		};
		86CFD02D258C9F5E007BA62D /* Frameworks */ = {
			isa = PBXFrameworksBuildPhase;
			buildActionMask = 2147483647;
			files = (
				7B6844D3AD3BEB68F6C2D4E3 /* Pods_TwitterCloneTests.framework in Frameworks */,
			);
			runOnlyForDeploymentPostprocessing = 0;
		};
		86CFD038258C9F5E007BA62D /* Frameworks */ = {
			isa = PBXFrameworksBuildPhase;
			buildActionMask = 2147483647;
			files = (
				D3AC3AC4F693BFE205EDB958 /* Pods_TwitterClone_TwitterCloneUITests.framework in Frameworks */,
			);
			runOnlyForDeploymentPostprocessing = 0;
		};
/* End PBXFrameworksBuildPhase section */

/* Begin PBXGroup section */
		32D17DFD482531EBED8B0A63 /* Frameworks */ = {
			isa = PBXGroup;
			children = (
				6C43BBEFB427397A7A8004EC /* Pods_TwitterClone.framework */,
				1833572BB9EE6A883966007C /* Pods_TwitterClone_TwitterCloneUITests.framework */,
				3DF8174CC9AF6D26A91E32AF /* Pods_TwitterCloneTests.framework */,
			);
			name = Frameworks;
			sourceTree = "<group>";
		};
		86CFD011258C9F5A007BA62D = {
			isa = PBXGroup;
			children = (
				86CFD01C258C9F5A007BA62D /* TwitterClone */,
				86CFD033258C9F5E007BA62D /* TwitterCloneTests */,
				86CFD03E258C9F5E007BA62D /* TwitterCloneUITests */,
				86CFD01B258C9F5A007BA62D /* Products */,
				C102E3741F21BC8593BFD691 /* Pods */,
				32D17DFD482531EBED8B0A63 /* Frameworks */,
			);
			sourceTree = "<group>";
		};
		86CFD01B258C9F5A007BA62D /* Products */ = {
			isa = PBXGroup;
			children = (
				86CFD01A258C9F5A007BA62D /* TwitterClone.app */,
				86CFD030258C9F5E007BA62D /* TwitterCloneTests.xctest */,
				86CFD03B258C9F5E007BA62D /* TwitterCloneUITests.xctest */,
			);
			name = Products;
			sourceTree = "<group>";
		};
		86CFD01C258C9F5A007BA62D /* TwitterClone */ = {
			isa = PBXGroup;
			children = (
				86CFD057258C9FAF007BA62D /* Model */,
				86CFD056258C9FAC007BA62D /* View */,
				86CFD055258C9FAA007BA62D /* ViewModel */,
				86CFD054258C9FA9007BA62D /* Controller */,
				86CFD052258C9FA3007BA62D /* API */,
				86CFD050258C9F8D007BA62D /* Utils */,
				86CFD01D258C9F5A007BA62D /* AppDelegate.swift */,
				86CFD01F258C9F5A007BA62D /* SceneDelegate.swift */,
				86CFD023258C9F5A007BA62D /* Main.storyboard */,
				86CFD026258C9F5D007BA62D /* Assets.xcassets */,
				86CFD028258C9F5D007BA62D /* LaunchScreen.storyboard */,
				86BC75202591805400A1B820 /* GoogleService-Info.plist */,
				86CFD02B258C9F5D007BA62D /* Info.plist */,
			);
			path = TwitterClone;
			sourceTree = "<group>";
		};
		86CFD033258C9F5E007BA62D /* TwitterCloneTests */ = {
			isa = PBXGroup;
			children = (
				86CFD034258C9F5E007BA62D /* TwitterCloneTests.swift */,
				86CFD036258C9F5E007BA62D /* Info.plist */,
			);
			path = TwitterCloneTests;
			sourceTree = "<group>";
		};
		86CFD03E258C9F5E007BA62D /* TwitterCloneUITests */ = {
			isa = PBXGroup;
			children = (
				86CFD03F258C9F5E007BA62D /* TwitterCloneUITests.swift */,
				86CFD041258C9F5E007BA62D /* Info.plist */,
			);
			path = TwitterCloneUITests;
			sourceTree = "<group>";
		};
		86CFD050258C9F8D007BA62D /* Utils */ = {
			isa = PBXGroup;
			children = (
				86CFD077258DEE9D007BA62D /* Extensions.swift */,
				86CFD08D258FF0B9007BA62D /* Utilities.swift */,
				86BC751B259169F600A1B820 /* Constants.swift */,
			);
			path = Utils;
			sourceTree = "<group>";
		};
		86CFD052258C9FA3007BA62D /* API */ = {
			isa = PBXGroup;
			children = (
				865855A025905AE6008DA6F0 /* AuthService.swift */,
				86BC752825919A1100A1B820 /* UserService.swift */,
				86BC758A25932B0900A1B820 /* TweetService.swift */,
			);
			path = API;
			sourceTree = "<group>";
		};
		86CFD054258C9FA9007BA62D /* Controller */ = {
			isa = PBXGroup;
			children = (
				86CFD07C258E9180007BA62D /* Authentication */,
				86CFD05E258D46A7007BA62D /* MainTabController.swift */,
				86CFD063258DE510007BA62D /* FeedController.swift */,
				86CFD068258DE54F007BA62D /* ExploreController.swift */,
				86CFD06D258DE562007BA62D /* NotificationsController.swift */,
				86CFD072258DE59A007BA62D /* ConversationsController.swift */,
				86BC757D25929E9200A1B820 /* UploadTweetController.swift */,
				86BC759E25946B3700A1B820 /* ProfileController.swift */,
			);
			path = Controller;
			sourceTree = "<group>";
		};
		86CFD055258C9FAA007BA62D /* ViewModel */ = {
			isa = PBXGroup;
			children = (
				86BC759925945C8E00A1B820 /* TweetViewModel.swift */,
				861ABF9E2596AB560072AD82 /* ProfileHeaderViewModel.swift */,
			);
			path = ViewModel;
			sourceTree = "<group>";
		};
		86CFD056258C9FAC007BA62D /* View */ = {
			isa = PBXGroup;
			children = (
				86BC758525931C5900A1B820 /* CaptionTextView.swift */,
				86BC75942593EBBB00A1B820 /* TweetCell.swift */,
				86BC75A3259477F700A1B820 /* ProfileHeader.swift */,
				861ABF942595B9F50072AD82 /* ProfileFilterView.swift */,
				861ABF992595C2F30072AD82 /* ProfileFilterCell.swift */,
			);
			path = View;
			sourceTree = "<group>";
		};
		86CFD057258C9FAF007BA62D /* Model */ = {
			isa = PBXGroup;
			children = (
				86BC752D2591A1EE00A1B820 /* User.swift */,
				86BC758F2593E23100A1B820 /* Tweet.swift */,
			);
			path = Model;
			sourceTree = "<group>";
		};
		86CFD07C258E9180007BA62D /* Authentication */ = {
			isa = PBXGroup;
			children = (
				86CFD07D258E9191007BA62D /* LoginController.swift */,
				86CFD088258E9216007BA62D /* RegistrationViewController.swift */,
			);
			path = Authentication;
			sourceTree = "<group>";
		};
		C102E3741F21BC8593BFD691 /* Pods */ = {
			isa = PBXGroup;
			children = (
				56322552FC58AE6BB79A79D4 /* Pods-TwitterClone.debug.xcconfig */,
				073FD789CE60F4481168EF48 /* Pods-TwitterClone.release.xcconfig */,
				307183966BAC2B4CC919465E /* Pods-TwitterClone-TwitterCloneUITests.debug.xcconfig */,
				C88CC0DD4591E57A38459E5C /* Pods-TwitterClone-TwitterCloneUITests.release.xcconfig */,
				39DA1B1D8D03FFBD0DAAD4BC /* Pods-TwitterCloneTests.debug.xcconfig */,
				016B54DCFF864201A2995D18 /* Pods-TwitterCloneTests.release.xcconfig */,
			);
			path = Pods;
			sourceTree = "<group>";
		};
/* End PBXGroup section */

/* Begin PBXNativeTarget section */
		86CFD019258C9F5A007BA62D /* TwitterClone */ = {
			isa = PBXNativeTarget;
			buildConfigurationList = 86CFD044258C9F5E007BA62D /* Build configuration list for PBXNativeTarget "TwitterClone" */;
			buildPhases = (
				A46B7FFC9EE67806B6CDF751 /* [CP] Check Pods Manifest.lock */,
				86CFD016258C9F5A007BA62D /* Sources */,
				86CFD017258C9F5A007BA62D /* Frameworks */,
				86CFD018258C9F5A007BA62D /* Resources */,
				3D6B927DF2B4EE033AA1F3CD /* [CP] Embed Pods Frameworks */,
			);
			buildRules = (
			);
			dependencies = (
			);
			name = TwitterClone;
			productName = TwitterClone;
			productReference = 86CFD01A258C9F5A007BA62D /* TwitterClone.app */;
			productType = "com.apple.product-type.application";
		};
		86CFD02F258C9F5E007BA62D /* TwitterCloneTests */ = {
			isa = PBXNativeTarget;
			buildConfigurationList = 86CFD047258C9F5E007BA62D /* Build configuration list for PBXNativeTarget "TwitterCloneTests" */;
			buildPhases = (
				A3C471C6C1F01D46353BF3DE /* [CP] Check Pods Manifest.lock */,
				86CFD02C258C9F5E007BA62D /* Sources */,
				86CFD02D258C9F5E007BA62D /* Frameworks */,
				86CFD02E258C9F5E007BA62D /* Resources */,
			);
			buildRules = (
			);
			dependencies = (
				86CFD032258C9F5E007BA62D /* PBXTargetDependency */,
			);
			name = TwitterCloneTests;
			productName = TwitterCloneTests;
			productReference = 86CFD030258C9F5E007BA62D /* TwitterCloneTests.xctest */;
			productType = "com.apple.product-type.bundle.unit-test";
		};
		86CFD03A258C9F5E007BA62D /* TwitterCloneUITests */ = {
			isa = PBXNativeTarget;
			buildConfigurationList = 86CFD04A258C9F5E007BA62D /* Build configuration list for PBXNativeTarget "TwitterCloneUITests" */;
			buildPhases = (
				3A02D7373DBB14B64A7C66FD /* [CP] Check Pods Manifest.lock */,
				86CFD037258C9F5E007BA62D /* Sources */,
				86CFD038258C9F5E007BA62D /* Frameworks */,
				86CFD039258C9F5E007BA62D /* Resources */,
				3766285538248E7A128BB110 /* [CP] Embed Pods Frameworks */,
			);
			buildRules = (
			);
			dependencies = (
				86CFD03D258C9F5E007BA62D /* PBXTargetDependency */,
			);
			name = TwitterCloneUITests;
			productName = TwitterCloneUITests;
			productReference = 86CFD03B258C9F5E007BA62D /* TwitterCloneUITests.xctest */;
			productType = "com.apple.product-type.bundle.ui-testing";
		};
/* End PBXNativeTarget section */

/* Begin PBXProject section */
		86CFD012258C9F5A007BA62D /* Project object */ = {
			isa = PBXProject;
			attributes = {
				LastSwiftUpdateCheck = 1220;
				LastUpgradeCheck = 1220;
				TargetAttributes = {
					86CFD019258C9F5A007BA62D = {
						CreatedOnToolsVersion = 12.2;
					};
					86CFD02F258C9F5E007BA62D = {
						CreatedOnToolsVersion = 12.2;
						TestTargetID = 86CFD019258C9F5A007BA62D;
					};
					86CFD03A258C9F5E007BA62D = {
						CreatedOnToolsVersion = 12.2;
						TestTargetID = 86CFD019258C9F5A007BA62D;
					};
				};
			};
			buildConfigurationList = 86CFD015258C9F5A007BA62D /* Build configuration list for PBXProject "TwitterClone" */;
			compatibilityVersion = "Xcode 9.3";
			developmentRegion = en;
			hasScannedForEncodings = 0;
			knownRegions = (
				en,
				Base,
			);
			mainGroup = 86CFD011258C9F5A007BA62D;
			productRefGroup = 86CFD01B258C9F5A007BA62D /* Products */;
			projectDirPath = "";
			projectRoot = "";
			targets = (
				86CFD019258C9F5A007BA62D /* TwitterClone */,
				86CFD02F258C9F5E007BA62D /* TwitterCloneTests */,
				86CFD03A258C9F5E007BA62D /* TwitterCloneUITests */,
			);
		};
/* End PBXProject section */

/* Begin PBXResourcesBuildPhase section */
		86CFD018258C9F5A007BA62D /* Resources */ = {
			isa = PBXResourcesBuildPhase;
			buildActionMask = 2147483647;
			files = (
				86CFD02A258C9F5D007BA62D /* LaunchScreen.storyboard in Resources */,
				86BC75212591805400A1B820 /* GoogleService-Info.plist in Resources */,
				86CFD027258C9F5D007BA62D /* Assets.xcassets in Resources */,
				86CFD025258C9F5A007BA62D /* Main.storyboard in Resources */,
			);
			runOnlyForDeploymentPostprocessing = 0;
		};
		86CFD02E258C9F5E007BA62D /* Resources */ = {
			isa = PBXResourcesBuildPhase;
			buildActionMask = 2147483647;
			files = (
			);
			runOnlyForDeploymentPostprocessing = 0;
		};
		86CFD039258C9F5E007BA62D /* Resources */ = {
			isa = PBXResourcesBuildPhase;
			buildActionMask = 2147483647;
			files = (
			);
			runOnlyForDeploymentPostprocessing = 0;
		};
/* End PBXResourcesBuildPhase section */

/* Begin PBXShellScriptBuildPhase section */
		3766285538248E7A128BB110 /* [CP] Embed Pods Frameworks */ = {
			isa = PBXShellScriptBuildPhase;
			buildActionMask = 2147483647;
			files = (
			);
			inputFileListPaths = (
				"${PODS_ROOT}/Target Support Files/Pods-TwitterClone-TwitterCloneUITests/Pods-TwitterClone-TwitterCloneUITests-frameworks-${CONFIGURATION}-input-files.xcfilelist",
			);
			name = "[CP] Embed Pods Frameworks";
			outputFileListPaths = (
				"${PODS_ROOT}/Target Support Files/Pods-TwitterClone-TwitterCloneUITests/Pods-TwitterClone-TwitterCloneUITests-frameworks-${CONFIGURATION}-output-files.xcfilelist",
			);
			runOnlyForDeploymentPostprocessing = 0;
			shellPath = /bin/sh;
			shellScript = "\"${PODS_ROOT}/Target Support Files/Pods-TwitterClone-TwitterCloneUITests/Pods-TwitterClone-TwitterCloneUITests-frameworks.sh\"\n";
			showEnvVarsInLog = 0;
		};
		3A02D7373DBB14B64A7C66FD /* [CP] Check Pods Manifest.lock */ = {
			isa = PBXShellScriptBuildPhase;
			buildActionMask = 2147483647;
			files = (
			);
			inputFileListPaths = (
			);
			inputPaths = (
				"${PODS_PODFILE_DIR_PATH}/Podfile.lock",
				"${PODS_ROOT}/Manifest.lock",
			);
			name = "[CP] Check Pods Manifest.lock";
			outputFileListPaths = (
			);
			outputPaths = (
				"$(DERIVED_FILE_DIR)/Pods-TwitterClone-TwitterCloneUITests-checkManifestLockResult.txt",
			);
			runOnlyForDeploymentPostprocessing = 0;
			shellPath = /bin/sh;
			shellScript = "diff \"${PODS_PODFILE_DIR_PATH}/Podfile.lock\" \"${PODS_ROOT}/Manifest.lock\" > /dev/null\nif [ $? != 0 ] ; then\n    # print error to STDERR\n    echo \"error: The sandbox is not in sync with the Podfile.lock. Run 'pod install' or update your CocoaPods installation.\" >&2\n    exit 1\nfi\n# This output is used by Xcode 'outputs' to avoid re-running this script phase.\necho \"SUCCESS\" > \"${SCRIPT_OUTPUT_FILE_0}\"\n";
			showEnvVarsInLog = 0;
		};
		3D6B927DF2B4EE033AA1F3CD /* [CP] Embed Pods Frameworks */ = {
			isa = PBXShellScriptBuildPhase;
			buildActionMask = 2147483647;
			files = (
			);
			inputFileListPaths = (
				"${PODS_ROOT}/Target Support Files/Pods-TwitterClone/Pods-TwitterClone-frameworks-${CONFIGURATION}-input-files.xcfilelist",
			);
			name = "[CP] Embed Pods Frameworks";
			outputFileListPaths = (
				"${PODS_ROOT}/Target Support Files/Pods-TwitterClone/Pods-TwitterClone-frameworks-${CONFIGURATION}-output-files.xcfilelist",
			);
			runOnlyForDeploymentPostprocessing = 0;
			shellPath = /bin/sh;
			shellScript = "\"${PODS_ROOT}/Target Support Files/Pods-TwitterClone/Pods-TwitterClone-frameworks.sh\"\n";
			showEnvVarsInLog = 0;
		};
		A3C471C6C1F01D46353BF3DE /* [CP] Check Pods Manifest.lock */ = {
			isa = PBXShellScriptBuildPhase;
			buildActionMask = 2147483647;
			files = (
			);
			inputFileListPaths = (
			);
			inputPaths = (
				"${PODS_PODFILE_DIR_PATH}/Podfile.lock",
				"${PODS_ROOT}/Manifest.lock",
			);
			name = "[CP] Check Pods Manifest.lock";
			outputFileListPaths = (
			);
			outputPaths = (
				"$(DERIVED_FILE_DIR)/Pods-TwitterCloneTests-checkManifestLockResult.txt",
			);
			runOnlyForDeploymentPostprocessing = 0;
			shellPath = /bin/sh;
			shellScript = "diff \"${PODS_PODFILE_DIR_PATH}/Podfile.lock\" \"${PODS_ROOT}/Manifest.lock\" > /dev/null\nif [ $? != 0 ] ; then\n    # print error to STDERR\n    echo \"error: The sandbox is not in sync with the Podfile.lock. Run 'pod install' or update your CocoaPods installation.\" >&2\n    exit 1\nfi\n# This output is used by Xcode 'outputs' to avoid re-running this script phase.\necho \"SUCCESS\" > \"${SCRIPT_OUTPUT_FILE_0}\"\n";
			showEnvVarsInLog = 0;
		};
		A46B7FFC9EE67806B6CDF751 /* [CP] Check Pods Manifest.lock */ = {
			isa = PBXShellScriptBuildPhase;
			buildActionMask = 2147483647;
			files = (
			);
			inputFileListPaths = (
			);
			inputPaths = (
				"${PODS_PODFILE_DIR_PATH}/Podfile.lock",
				"${PODS_ROOT}/Manifest.lock",
			);
			name = "[CP] Check Pods Manifest.lock";
			outputFileListPaths = (
			);
			outputPaths = (
				"$(DERIVED_FILE_DIR)/Pods-TwitterClone-checkManifestLockResult.txt",
			);
			runOnlyForDeploymentPostprocessing = 0;
			shellPath = /bin/sh;
			shellScript = "diff \"${PODS_PODFILE_DIR_PATH}/Podfile.lock\" \"${PODS_ROOT}/Manifest.lock\" > /dev/null\nif [ $? != 0 ] ; then\n    # print error to STDERR\n    echo \"error: The sandbox is not in sync with the Podfile.lock. Run 'pod install' or update your CocoaPods installation.\" >&2\n    exit 1\nfi\n# This output is used by Xcode 'outputs' to avoid re-running this script phase.\necho \"SUCCESS\" > \"${SCRIPT_OUTPUT_FILE_0}\"\n";
			showEnvVarsInLog = 0;
		};
/* End PBXShellScriptBuildPhase section */

/* Begin PBXSourcesBuildPhase section */
		86CFD016258C9F5A007BA62D /* Sources */ = {
			isa = PBXSourcesBuildPhase;
			buildActionMask = 2147483647;
			files = (
				86BC752925919A1100A1B820 /* UserService.swift in Sources */,
				86BC759A25945C8E00A1B820 /* TweetViewModel.swift in Sources */,
				86CFD06E258DE562007BA62D /* NotificationsController.swift in Sources */,
				861ABF9A2595C2F30072AD82 /* ProfileFilterCell.swift in Sources */,
				86BC758625931C5900A1B820 /* CaptionTextView.swift in Sources */,
				86CFD073258DE59A007BA62D /* ConversationsController.swift in Sources */,
				86CFD08E258FF0B9007BA62D /* Utilities.swift in Sources */,
				865855A125905AE6008DA6F0 /* AuthService.swift in Sources */,
				86BC759F25946B3700A1B820 /* ProfileController.swift in Sources */,
				86BC75A4259477F700A1B820 /* ProfileHeader.swift in Sources */,
				86CFD01E258C9F5A007BA62D /* AppDelegate.swift in Sources */,
				86BC75952593EBBB00A1B820 /* TweetCell.swift in Sources */,
				86CFD078258DEE9D007BA62D /* Extensions.swift in Sources */,
				86CFD089258E9216007BA62D /* RegistrationViewController.swift in Sources */,
				86BC757E25929E9200A1B820 /* UploadTweetController.swift in Sources */,
				86BC752E2591A1EE00A1B820 /* User.swift in Sources */,
				86BC751C259169F600A1B820 /* Constants.swift in Sources */,
				86CFD069258DE54F007BA62D /* ExploreController.swift in Sources */,
				861ABF9F2596AB560072AD82 /* ProfileHeaderViewModel.swift in Sources */,
				86CFD020258C9F5A007BA62D /* SceneDelegate.swift in Sources */,
				86CFD05F258D46A7007BA62D /* MainTabController.swift in Sources */,
				86CFD07E258E9191007BA62D /* LoginController.swift in Sources */,
				861ABF952595B9F50072AD82 /* ProfileFilterView.swift in Sources */,
				86CFD064258DE510007BA62D /* FeedController.swift in Sources */,
				86BC75902593E23100A1B820 /* Tweet.swift in Sources */,
				86BC758B25932B0900A1B820 /* TweetService.swift in Sources */,
			);
			runOnlyForDeploymentPostprocessing = 0;
		};
		86CFD02C258C9F5E007BA62D /* Sources */ = {
			isa = PBXSourcesBuildPhase;
			buildActionMask = 2147483647;
			files = (
				86CFD035258C9F5E007BA62D /* TwitterCloneTests.swift in Sources */,
			);
			runOnlyForDeploymentPostprocessing = 0;
		};
		86CFD037258C9F5E007BA62D /* Sources */ = {
			isa = PBXSourcesBuildPhase;
			buildActionMask = 2147483647;
			files = (
				86CFD040258C9F5E007BA62D /* TwitterCloneUITests.swift in Sources */,
			);
			runOnlyForDeploymentPostprocessing = 0;
		};
/* End PBXSourcesBuildPhase section */

/* Begin PBXTargetDependency section */
		86CFD032258C9F5E007BA62D /* PBXTargetDependency */ = {
			isa = PBXTargetDependency;
			target = 86CFD019258C9F5A007BA62D /* TwitterClone */;
			targetProxy = 86CFD031258C9F5E007BA62D /* PBXContainerItemProxy */;
		};
		86CFD03D258C9F5E007BA62D /* PBXTargetDependency */ = {
			isa = PBXTargetDependency;
			target = 86CFD019258C9F5A007BA62D /* TwitterClone */;
			targetProxy = 86CFD03C258C9F5E007BA62D /* PBXContainerItemProxy */;
		};
/* End PBXTargetDependency section */

/* Begin PBXVariantGroup section */
		86CFD023258C9F5A007BA62D /* Main.storyboard */ = {
			isa = PBXVariantGroup;
			children = (
				86CFD024258C9F5A007BA62D /* Base */,
			);
			name = Main.storyboard;
			sourceTree = "<group>";
		};
		86CFD028258C9F5D007BA62D /* LaunchScreen.storyboard */ = {
			isa = PBXVariantGroup;
			children = (
				86CFD029258C9F5D007BA62D /* Base */,
			);
			name = LaunchScreen.storyboard;
			sourceTree = "<group>";
		};
/* End PBXVariantGroup section */

/* Begin XCBuildConfiguration section */
		86CFD042258C9F5E007BA62D /* Debug */ = {
			isa = XCBuildConfiguration;
			buildSettings = {
				ALWAYS_SEARCH_USER_PATHS = NO;
				CLANG_ANALYZER_NONNULL = YES;
				CLANG_ANALYZER_NUMBER_OBJECT_CONVERSION = YES_AGGRESSIVE;
				CLANG_CXX_LANGUAGE_STANDARD = "gnu++14";
				CLANG_CXX_LIBRARY = "libc++";
				CLANG_ENABLE_MODULES = YES;
				CLANG_ENABLE_OBJC_ARC = YES;
				CLANG_ENABLE_OBJC_WEAK = YES;
				CLANG_WARN_BLOCK_CAPTURE_AUTORELEASING = YES;
				CLANG_WARN_BOOL_CONVERSION = YES;
				CLANG_WARN_COMMA = YES;
				CLANG_WARN_CONSTANT_CONVERSION = YES;
				CLANG_WARN_DEPRECATED_OBJC_IMPLEMENTATIONS = YES;
				CLANG_WARN_DIRECT_OBJC_ISA_USAGE = YES_ERROR;
				CLANG_WARN_DOCUMENTATION_COMMENTS = YES;
				CLANG_WARN_EMPTY_BODY = YES;
				CLANG_WARN_ENUM_CONVERSION = YES;
				CLANG_WARN_INFINITE_RECURSION = YES;
				CLANG_WARN_INT_CONVERSION = YES;
				CLANG_WARN_NON_LITERAL_NULL_CONVERSION = YES;
				CLANG_WARN_OBJC_IMPLICIT_RETAIN_SELF = YES;
				CLANG_WARN_OBJC_LITERAL_CONVERSION = YES;
				CLANG_WARN_OBJC_ROOT_CLASS = YES_ERROR;
				CLANG_WARN_QUOTED_INCLUDE_IN_FRAMEWORK_HEADER = YES;
				CLANG_WARN_RANGE_LOOP_ANALYSIS = YES;
				CLANG_WARN_STRICT_PROTOTYPES = YES;
				CLANG_WARN_SUSPICIOUS_MOVE = YES;
				CLANG_WARN_UNGUARDED_AVAILABILITY = YES_AGGRESSIVE;
				CLANG_WARN_UNREACHABLE_CODE = YES;
				CLANG_WARN__DUPLICATE_METHOD_MATCH = YES;
				COPY_PHASE_STRIP = NO;
				DEBUG_INFORMATION_FORMAT = dwarf;
				ENABLE_STRICT_OBJC_MSGSEND = YES;
				ENABLE_TESTABILITY = YES;
				GCC_C_LANGUAGE_STANDARD = gnu11;
				GCC_DYNAMIC_NO_PIC = NO;
				GCC_NO_COMMON_BLOCKS = YES;
				GCC_OPTIMIZATION_LEVEL = 0;
				GCC_PREPROCESSOR_DEFINITIONS = (
					"DEBUG=1",
					"$(inherited)",
				);
				GCC_WARN_64_TO_32_BIT_CONVERSION = YES;
				GCC_WARN_ABOUT_RETURN_TYPE = YES_ERROR;
				GCC_WARN_UNDECLARED_SELECTOR = YES;
				GCC_WARN_UNINITIALIZED_AUTOS = YES_AGGRESSIVE;
				GCC_WARN_UNUSED_FUNCTION = YES;
				GCC_WARN_UNUSED_VARIABLE = YES;
				IPHONEOS_DEPLOYMENT_TARGET = 14.2;
				MTL_ENABLE_DEBUG_INFO = INCLUDE_SOURCE;
				MTL_FAST_MATH = YES;
				ONLY_ACTIVE_ARCH = YES;
				SDKROOT = iphoneos;
				SWIFT_ACTIVE_COMPILATION_CONDITIONS = DEBUG;
				SWIFT_OPTIMIZATION_LEVEL = "-Onone";
			};
			name = Debug;
		};
		86CFD043258C9F5E007BA62D /* Release */ = {
			isa = XCBuildConfiguration;
			buildSettings = {
				ALWAYS_SEARCH_USER_PATHS = NO;
				CLANG_ANALYZER_NONNULL = YES;
				CLANG_ANALYZER_NUMBER_OBJECT_CONVERSION = YES_AGGRESSIVE;
				CLANG_CXX_LANGUAGE_STANDARD = "gnu++14";
				CLANG_CXX_LIBRARY = "libc++";
				CLANG_ENABLE_MODULES = YES;
				CLANG_ENABLE_OBJC_ARC = YES;
				CLANG_ENABLE_OBJC_WEAK = YES;
				CLANG_WARN_BLOCK_CAPTURE_AUTORELEASING = YES;
				CLANG_WARN_BOOL_CONVERSION = YES;
				CLANG_WARN_COMMA = YES;
				CLANG_WARN_CONSTANT_CONVERSION = YES;
				CLANG_WARN_DEPRECATED_OBJC_IMPLEMENTATIONS = YES;
				CLANG_WARN_DIRECT_OBJC_ISA_USAGE = YES_ERROR;
				CLANG_WARN_DOCUMENTATION_COMMENTS = YES;
				CLANG_WARN_EMPTY_BODY = YES;
				CLANG_WARN_ENUM_CONVERSION = YES;
				CLANG_WARN_INFINITE_RECURSION = YES;
				CLANG_WARN_INT_CONVERSION = YES;
				CLANG_WARN_NON_LITERAL_NULL_CONVERSION = YES;
				CLANG_WARN_OBJC_IMPLICIT_RETAIN_SELF = YES;
				CLANG_WARN_OBJC_LITERAL_CONVERSION = YES;
				CLANG_WARN_OBJC_ROOT_CLASS = YES_ERROR;
				CLANG_WARN_QUOTED_INCLUDE_IN_FRAMEWORK_HEADER = YES;
				CLANG_WARN_RANGE_LOOP_ANALYSIS = YES;
				CLANG_WARN_STRICT_PROTOTYPES = YES;
				CLANG_WARN_SUSPICIOUS_MOVE = YES;
				CLANG_WARN_UNGUARDED_AVAILABILITY = YES_AGGRESSIVE;
				CLANG_WARN_UNREACHABLE_CODE = YES;
				CLANG_WARN__DUPLICATE_METHOD_MATCH = YES;
				COPY_PHASE_STRIP = NO;
				DEBUG_INFORMATION_FORMAT = "dwarf-with-dsym";
				ENABLE_NS_ASSERTIONS = NO;
				ENABLE_STRICT_OBJC_MSGSEND = YES;
				GCC_C_LANGUAGE_STANDARD = gnu11;
				GCC_NO_COMMON_BLOCKS = YES;
				GCC_WARN_64_TO_32_BIT_CONVERSION = YES;
				GCC_WARN_ABOUT_RETURN_TYPE = YES_ERROR;
				GCC_WARN_UNDECLARED_SELECTOR = YES;
				GCC_WARN_UNINITIALIZED_AUTOS = YES_AGGRESSIVE;
				GCC_WARN_UNUSED_FUNCTION = YES;
				GCC_WARN_UNUSED_VARIABLE = YES;
				IPHONEOS_DEPLOYMENT_TARGET = 14.2;
				MTL_ENABLE_DEBUG_INFO = NO;
				MTL_FAST_MATH = YES;
				SDKROOT = iphoneos;
				SWIFT_COMPILATION_MODE = wholemodule;
				SWIFT_OPTIMIZATION_LEVEL = "-O";
				VALIDATE_PRODUCT = YES;
			};
			name = Release;
		};
		86CFD045258C9F5E007BA62D /* Debug */ = {
			isa = XCBuildConfiguration;
			baseConfigurationReference = 56322552FC58AE6BB79A79D4 /* Pods-TwitterClone.debug.xcconfig */;
			buildSettings = {
				ASSETCATALOG_COMPILER_APPICON_NAME = AppIcon;
				ASSETCATALOG_COMPILER_GLOBAL_ACCENT_COLOR_NAME = AccentColor;
				CODE_SIGN_STYLE = Automatic;
				DEVELOPMENT_TEAM = 7655W2DD35;
				INFOPLIST_FILE = TwitterClone/Info.plist;
				LD_RUNPATH_SEARCH_PATHS = (
					"$(inherited)",
					"@executable_path/Frameworks",
				);
				PRODUCT_BUNDLE_IDENTIFIER = shuaiqing.TwitterClone;
				PRODUCT_NAME = "$(TARGET_NAME)";
				SWIFT_VERSION = 5.0;
				TARGETED_DEVICE_FAMILY = "1,2";
			};
			name = Debug;
		};
		86CFD046258C9F5E007BA62D /* Release */ = {
			isa = XCBuildConfiguration;
			baseConfigurationReference = 073FD789CE60F4481168EF48 /* Pods-TwitterClone.release.xcconfig */;
			buildSettings = {
				ASSETCATALOG_COMPILER_APPICON_NAME = AppIcon;
				ASSETCATALOG_COMPILER_GLOBAL_ACCENT_COLOR_NAME = AccentColor;
				CODE_SIGN_STYLE = Automatic;
				DEVELOPMENT_TEAM = 7655W2DD35;
				INFOPLIST_FILE = TwitterClone/Info.plist;
				LD_RUNPATH_SEARCH_PATHS = (
					"$(inherited)",
					"@executable_path/Frameworks",
				);
				PRODUCT_BUNDLE_IDENTIFIER = shuaiqing.TwitterClone;
				PRODUCT_NAME = "$(TARGET_NAME)";
				SWIFT_VERSION = 5.0;
				TARGETED_DEVICE_FAMILY = "1,2";
			};
			name = Release;
		};
		86CFD048258C9F5E007BA62D /* Debug */ = {
			isa = XCBuildConfiguration;
			baseConfigurationReference = 39DA1B1D8D03FFBD0DAAD4BC /* Pods-TwitterCloneTests.debug.xcconfig */;
			buildSettings = {
				ALWAYS_EMBED_SWIFT_STANDARD_LIBRARIES = YES;
				BUNDLE_LOADER = "$(TEST_HOST)";
				CODE_SIGN_STYLE = Automatic;
				DEVELOPMENT_TEAM = 7655W2DD35;
				INFOPLIST_FILE = TwitterCloneTests/Info.plist;
				IPHONEOS_DEPLOYMENT_TARGET = 14.2;
				LD_RUNPATH_SEARCH_PATHS = (
					"$(inherited)",
					"@executable_path/Frameworks",
					"@loader_path/Frameworks",
				);
				PRODUCT_BUNDLE_IDENTIFIER = shuaiqing.TwitterCloneTests;
				PRODUCT_NAME = "$(TARGET_NAME)";
				SWIFT_VERSION = 5.0;
				TARGETED_DEVICE_FAMILY = "1,2";
				TEST_HOST = "$(BUILT_PRODUCTS_DIR)/TwitterClone.app/TwitterClone";
			};
			name = Debug;
		};
		86CFD049258C9F5E007BA62D /* Release */ = {
			isa = XCBuildConfiguration;
			baseConfigurationReference = 016B54DCFF864201A2995D18 /* Pods-TwitterCloneTests.release.xcconfig */;
			buildSettings = {
				ALWAYS_EMBED_SWIFT_STANDARD_LIBRARIES = YES;
				BUNDLE_LOADER = "$(TEST_HOST)";
				CODE_SIGN_STYLE = Automatic;
				DEVELOPMENT_TEAM = 7655W2DD35;
				INFOPLIST_FILE = TwitterCloneTests/Info.plist;
				IPHONEOS_DEPLOYMENT_TARGET = 14.2;
				LD_RUNPATH_SEARCH_PATHS = (
					"$(inherited)",
					"@executable_path/Frameworks",
					"@loader_path/Frameworks",
				);
				PRODUCT_BUNDLE_IDENTIFIER = shuaiqing.TwitterCloneTests;
				PRODUCT_NAME = "$(TARGET_NAME)";
				SWIFT_VERSION = 5.0;
				TARGETED_DEVICE_FAMILY = "1,2";
				TEST_HOST = "$(BUILT_PRODUCTS_DIR)/TwitterClone.app/TwitterClone";
			};
			name = Release;
		};
		86CFD04B258C9F5E007BA62D /* Debug */ = {
			isa = XCBuildConfiguration;
			baseConfigurationReference = 307183966BAC2B4CC919465E /* Pods-TwitterClone-TwitterCloneUITests.debug.xcconfig */;
			buildSettings = {
				ALWAYS_EMBED_SWIFT_STANDARD_LIBRARIES = YES;
				CODE_SIGN_STYLE = Automatic;
				DEVELOPMENT_TEAM = 7655W2DD35;
				INFOPLIST_FILE = TwitterCloneUITests/Info.plist;
				LD_RUNPATH_SEARCH_PATHS = (
					"$(inherited)",
					"@executable_path/Frameworks",
					"@loader_path/Frameworks",
				);
				PRODUCT_BUNDLE_IDENTIFIER = shuaiqing.TwitterCloneUITests;
				PRODUCT_NAME = "$(TARGET_NAME)";
				SWIFT_VERSION = 5.0;
				TARGETED_DEVICE_FAMILY = "1,2";
				TEST_TARGET_NAME = TwitterClone;
			};
			name = Debug;
		};
		86CFD04C258C9F5E007BA62D /* Release */ = {
			isa = XCBuildConfiguration;
			baseConfigurationReference = C88CC0DD4591E57A38459E5C /* Pods-TwitterClone-TwitterCloneUITests.release.xcconfig */;
			buildSettings = {
				ALWAYS_EMBED_SWIFT_STANDARD_LIBRARIES = YES;
				CODE_SIGN_STYLE = Automatic;
				DEVELOPMENT_TEAM = 7655W2DD35;
				INFOPLIST_FILE = TwitterCloneUITests/Info.plist;
				LD_RUNPATH_SEARCH_PATHS = (
					"$(inherited)",
					"@executable_path/Frameworks",
					"@loader_path/Frameworks",
				);
				PRODUCT_BUNDLE_IDENTIFIER = shuaiqing.TwitterCloneUITests;
				PRODUCT_NAME = "$(TARGET_NAME)";
				SWIFT_VERSION = 5.0;
				TARGETED_DEVICE_FAMILY = "1,2";
				TEST_TARGET_NAME = TwitterClone;
			};
			name = Release;
		};
/* End XCBuildConfiguration section */

/* Begin XCConfigurationList section */
		86CFD015258C9F5A007BA62D /* Build configuration list for PBXProject "TwitterClone" */ = {
			isa = XCConfigurationList;
			buildConfigurations = (
				86CFD042258C9F5E007BA62D /* Debug */,
				86CFD043258C9F5E007BA62D /* Release */,
			);
			defaultConfigurationIsVisible = 0;
			defaultConfigurationName = Release;
		};
		86CFD044258C9F5E007BA62D /* Build configuration list for PBXNativeTarget "TwitterClone" */ = {
			isa = XCConfigurationList;
			buildConfigurations = (
				86CFD045258C9F5E007BA62D /* Debug */,
				86CFD046258C9F5E007BA62D /* Release */,
			);
			defaultConfigurationIsVisible = 0;
			defaultConfigurationName = Release;
		};
		86CFD047258C9F5E007BA62D /* Build configuration list for PBXNativeTarget "TwitterCloneTests" */ = {
			isa = XCConfigurationList;
			buildConfigurations = (
				86CFD048258C9F5E007BA62D /* Debug */,
				86CFD049258C9F5E007BA62D /* Release */,
			);
			defaultConfigurationIsVisible = 0;
			defaultConfigurationName = Release;
		};
		86CFD04A258C9F5E007BA62D /* Build configuration list for PBXNativeTarget "TwitterCloneUITests" */ = {
			isa = XCConfigurationList;
			buildConfigurations = (
				86CFD04B258C9F5E007BA62D /* Debug */,
				86CFD04C258C9F5E007BA62D /* Release */,
			);
			defaultConfigurationIsVisible = 0;
			defaultConfigurationName = Release;
		};
/* End XCConfigurationList section */
	};
	rootObject = 86CFD012258C9F5A007BA62D /* Project object */;
}
